
Microsoft Visual Studio Solution File, Format Version 12.00
# Visual Studio Version 17
VisualStudioVersion = 17.11.35327.3
MinimumVisualStudioVersion = 10.0.40219.1
Project("{9A19103F-16F7-4668-BE54-9A1E7A4F7556}") = "ImageCompressor", "ImageCompressor.csproj", "{FD4AA453-3BF5-409B-A660-921CBCFFB440}"
EndProject
Global
	GlobalSection(SolutionConfigurationPlatforms) = preSolution
		Debug|Any CPU = Debug|Any CPU
		Release|Any CPU = Release|Any CPU
	EndGlobalSection
	GlobalSection(ProjectConfigurationPlatforms) = postSolution
		{FD4AA453-3BF5-409B-A660-921CBCFFB440}.Debug|Any CPU.ActiveCfg = Debug|Any CPU
		{FD4AA453-3BF5-409B-A660-921CBCFFB440}.Debug|Any CPU.Build.0 = Debug|Any CPU
		{FD4AA453-3BF5-409B-A660-921CBCFFB440}.Release|Any CPU.ActiveCfg = Release|Any CPU
		{FD4AA453-3BF5-409B-A660-921CBCFFB440}.Release|Any CPU.Build.0 = Release|Any CPU
	EndGlobalSection
	GlobalSection(SolutionProperties) = preSolution
		HideSolutionNode = FALSE
	EndGlobalSection
	GlobalSection(ExtensibilityGlobals) = postSolution
		SolutionGuid = {012C3C62-AEEC-4899-8099-069E11F6CE0A}
	EndGlobalSection
EndGlobal
